
Microsoft Visual Studio Solution File, Format Version 12.00
# Visual Studio Version 17
VisualStudioVersion = 17.0.31903.59
MinimumVisualStudioVersion = 10.0.40219.1
Project("{FAE04EC0-301F-11D3-BF4B-00C04F79EFBC}") = "Core", "src\\Core\\Core.csproj", "{F0E427B7-A2A2-4F47-8E92-E66E79AB13B4}"
EndProject
Project("{FAE04EC0-301F-11D3-BF4B-00C04F79EFBC}") = "Infrastructure", "src\\Infrastructure\\Infrastructure.csproj", "{C10A07DA-AD6D-4A59-9F99-95A833295673}"
EndProject
Project("{FAE04EC0-301F-11D3-BF4B-00C04F79EFBC}") = "Web", "src\\Web\\Web.csproj", "{0DE30D2A-2A7D-4C34-8BC4-7B5F11BB1B76}"
EndProject
Global
	GlobalSection(SolutionConfigurationPlatforms) = preSolution
		Debug|Any CPU = Debug|Any CPU
		Release|Any CPU = Release|Any CPU
	EndGlobalSection
	GlobalSection(ProjectConfigurationPlatforms) = postSolution
		{F0E427B7-A2A2-4F47-8E92-E66E79AB13B4}.Debug|Any CPU.ActiveCfg = Debug|Any CPU
		{F0E427B7-A2A2-4F47-8E92-E66E79AB13B4}.Debug|Any CPU.Build.0 = Debug|Any CPU
		{F0E427B7-A2A2-4F47-8E92-E66E79AB13B4}.Release|Any CPU.ActiveCfg = Release|Any CPU
		{F0E427B7-A2A2-4F47-8E92-E66E79AB13B4}.Release|Any CPU.Build.0 = Release|Any CPU
		{C10A07DA-AD6D-4A59-9F99-95A833295673}.Debug|Any CPU.ActiveCfg = Debug|Any CPU
		{C10A07DA-AD6D-4A59-9F99-95A833295673}.Debug|Any CPU.Build.0 = Debug|Any CPU
		{C10A07DA-AD6D-4A59-9F99-95A833295673}.Release|Any CPU.ActiveCfg = Release|Any CPU
		{C10A07DA-AD6D-4A59-9F99-95A833295673}.Release|Any CPU.Build.0 = Release|Any CPU
		{0DE30D2A-2A7D-4C34-8BC4-7B5F11BB1B76}.Debug|Any CPU.ActiveCfg = Debug|Any CPU
		{0DE30D2A-2A7D-4C34-8BC4-7B5F11BB1B76}.Debug|Any CPU.Build.0 = Debug|Any CPU
		{0DE30D2A-2A7D-4C34-8BC4-7B5F11BB1B76}.Release|Any CPU.ActiveCfg = Release|Any CPU
		{0DE30D2A-2A7D-4C34-8BC4-7B5F11BB1B76}.Release|Any CPU.Build.0 = Release|Any CPU
	EndGlobalSection
	GlobalSection(SolutionProperties) = preSolution
		HideSolutionNode = FALSE
	EndGlobalSection
	GlobalSection(NestedProjects) = preSolution
	EndGlobalSection
EndGlobal
